
Microsoft Visual Studio Solution File, Format Version 12.00
# Visual Studio 2013
VisualStudioVersion = 12.0.31101.0
MinimumVisualStudioVersion = 10.0.40219.1
Project("{FAE04EC0-301F-11D3-BF4B-00C04F79EFBC}") = "WorldWeatherOnline.Client", "WorldWeatherOnline.Client\WorldWeatherOnline.Client.csproj", "{E509AB6E-0415-490F-96D1-EF964421DE34}"
EndProject
Project("{FAE04EC0-301F-11D3-BF4B-00C04F79EFBC}") = "WorldWeatherOnline.Test", "WorldWeatherOnline.Test\WorldWeatherOnline.Test.csproj", "{034BBD97-5163-4205-B82C-13A3E565A55C}"
EndProject
Global
	GlobalSection(SolutionConfigurationPlatforms) = preSolution
		Debug|Any CPU = Debug|Any CPU
		Release|Any CPU = Release|Any CPU
	EndGlobalSection
	GlobalSection(ProjectConfigurationPlatforms) = postSolution
		{E509AB6E-0415-490F-96D1-EF964421DE34}.Debug|Any CPU.ActiveCfg = Debug|Any CPU
		{E509AB6E-0415-490F-96D1-EF964421DE34}.Debug|Any CPU.Build.0 = Debug|Any CPU
		{E509AB6E-0415-490F-96D1-EF964421DE34}.Release|Any CPU.ActiveCfg = Release|Any CPU
		{E509AB6E-0415-490F-96D1-EF964421DE34}.Release|Any CPU.Build.0 = Release|Any CPU
		{034BBD97-5163-4205-B82C-13A3E565A55C}.Debug|Any CPU.ActiveCfg = Debug|Any CPU
		{034BBD97-5163-4205-B82C-13A3E565A55C}.Debug|Any CPU.Build.0 = Debug|Any CPU
		{034BBD97-5163-4205-B82C-13A3E565A55C}.Release|Any CPU.ActiveCfg = Release|Any CPU
		{034BBD97-5163-4205-B82C-13A3E565A55C}.Release|Any CPU.Build.0 = Release|Any CPU
	EndGlobalSection
	GlobalSection(SolutionProperties) = preSolution
		HideSolutionNode = FALSE
	EndGlobalSection
EndGlobal
